
Microsoft Visual Studio Solution File, Format Version 12.00
# Visual Studio Version 17
VisualStudioVersion = 17.0.31919.166
MinimumVisualStudioVersion = 10.0.40219.1
Project("{2150E333-8FDC-42A3-9474-1A3956D46DE8}") = "src", "src", "{B0E7403E-34CD-48F7-B371-B8CF40072011}"
EndProject
Project("{2150E333-8FDC-42A3-9474-1A3956D46DE8}") = "test", "test", "{A8CD4AFF-1EEC-4F7A-B645-7BAE6D0C7161}"
EndProject
Project("{2150E333-8FDC-42A3-9474-1A3956D46DE8}") = "API", "API", "{799340F9-6555-438E-8182-93167538DDDA}"
EndProject
Project("{2150E333-8FDC-42A3-9474-1A3956D46DE8}") = "Core", "Core", "{F1CCDE75-26D3-4E68-BC3F-952329728087}"
EndProject
Project("{2150E333-8FDC-42A3-9474-1A3956D46DE8}") = "Infrastructure", "Infrastructure", "{A3E5DE41-CD5B-4A81-BCAF-12037517BF8A}"
EndProject
Project("{2150E333-8FDC-42A3-9474-1A3956D46DE8}") = "UI", "UI", "{0553F446-5F92-4F9E-8FF4-FAADCF4E99BD}"
EndProject
Project("{9A19103F-16F7-4668-BE54-9A1E7A4F7556}") = "mOSP.Domain", "mOSP.Domain\mOSP.Domain.csproj", "{9660F7EC-D135-4A80-AB5C-3E8F85C58B6E}"
EndProject
Project("{9A19103F-16F7-4668-BE54-9A1E7A4F7556}") = "mOSP.Application", "mOSP.Application\mOSP.Application.csproj", "{6CD47049-9211-40C2-8449-3EAAA9E6D21F}"
EndProject
Project("{9A19103F-16F7-4668-BE54-9A1E7A4F7556}") = "mOSP.Application.UnitTest", "mOSP.Application.UnitTest\mOSP.Application.UnitTest.csproj", "{73E3592C-A422-4161-BC9A-089B9D73D45E}"
EndProject
Project("{9A19103F-16F7-4668-BE54-9A1E7A4F7556}") = "mOSP.Persistence.EF", "mOSP.Persistence.EF\mOSP.Persistence.EF.csproj", "{22ECBC9D-6C95-497F-98A0-BAE1204AAED7}"
EndProject
Project("{9A19103F-16F7-4668-BE54-9A1E7A4F7556}") = "mOSP.Api", "mOSP.Api\mOSP.Api.csproj", "{52E95B63-AA7E-4F3A-BB65-093B329E1F9C}"
EndProject
Project("{54A90642-561A-4BB1-A94E-469ADEE60C69}") = "mOSP.WebUI", "mOSP.WebUI\mOSP.WebUI.esproj", "{8E880C53-B1DF-4C64-89F2-5892062A2D9B}"
EndProject
Global
	GlobalSection(SolutionConfigurationPlatforms) = preSolution
		Debug|Any CPU = Debug|Any CPU
		Release|Any CPU = Release|Any CPU
	EndGlobalSection
	GlobalSection(ProjectConfigurationPlatforms) = postSolution
		{9660F7EC-D135-4A80-AB5C-3E8F85C58B6E}.Debug|Any CPU.ActiveCfg = Debug|Any CPU
		{9660F7EC-D135-4A80-AB5C-3E8F85C58B6E}.Debug|Any CPU.Build.0 = Debug|Any CPU
		{9660F7EC-D135-4A80-AB5C-3E8F85C58B6E}.Release|Any CPU.ActiveCfg = Release|Any CPU
		{9660F7EC-D135-4A80-AB5C-3E8F85C58B6E}.Release|Any CPU.Build.0 = Release|Any CPU
		{6CD47049-9211-40C2-8449-3EAAA9E6D21F}.Debug|Any CPU.ActiveCfg = Debug|Any CPU
		{6CD47049-9211-40C2-8449-3EAAA9E6D21F}.Debug|Any CPU.Build.0 = Debug|Any CPU
		{6CD47049-9211-40C2-8449-3EAAA9E6D21F}.Release|Any CPU.ActiveCfg = Release|Any CPU
		{6CD47049-9211-40C2-8449-3EAAA9E6D21F}.Release|Any CPU.Build.0 = Release|Any CPU
		{73E3592C-A422-4161-BC9A-089B9D73D45E}.Debug|Any CPU.ActiveCfg = Debug|Any CPU
		{73E3592C-A422-4161-BC9A-089B9D73D45E}.Debug|Any CPU.Build.0 = Debug|Any CPU
		{73E3592C-A422-4161-BC9A-089B9D73D45E}.Release|Any CPU.ActiveCfg = Release|Any CPU
		{73E3592C-A422-4161-BC9A-089B9D73D45E}.Release|Any CPU.Build.0 = Release|Any CPU
		{22ECBC9D-6C95-497F-98A0-BAE1204AAED7}.Debug|Any CPU.ActiveCfg = Debug|Any CPU
		{22ECBC9D-6C95-497F-98A0-BAE1204AAED7}.Debug|Any CPU.Build.0 = Debug|Any CPU
		{22ECBC9D-6C95-497F-98A0-BAE1204AAED7}.Release|Any CPU.ActiveCfg = Release|Any CPU
		{22ECBC9D-6C95-497F-98A0-BAE1204AAED7}.Release|Any CPU.Build.0 = Release|Any CPU
		{52E95B63-AA7E-4F3A-BB65-093B329E1F9C}.Debug|Any CPU.ActiveCfg = Debug|Any CPU
		{52E95B63-AA7E-4F3A-BB65-093B329E1F9C}.Debug|Any CPU.Build.0 = Debug|Any CPU
		{52E95B63-AA7E-4F3A-BB65-093B329E1F9C}.Release|Any CPU.ActiveCfg = Release|Any CPU
		{52E95B63-AA7E-4F3A-BB65-093B329E1F9C}.Release|Any CPU.Build.0 = Release|Any CPU
		{8E880C53-B1DF-4C64-89F2-5892062A2D9B}.Debug|Any CPU.ActiveCfg = Debug|Any CPU
		{8E880C53-B1DF-4C64-89F2-5892062A2D9B}.Debug|Any CPU.Build.0 = Debug|Any CPU
		{8E880C53-B1DF-4C64-89F2-5892062A2D9B}.Debug|Any CPU.Deploy.0 = Debug|Any CPU
		{8E880C53-B1DF-4C64-89F2-5892062A2D9B}.Release|Any CPU.ActiveCfg = Release|Any CPU
		{8E880C53-B1DF-4C64-89F2-5892062A2D9B}.Release|Any CPU.Build.0 = Release|Any CPU
		{8E880C53-B1DF-4C64-89F2-5892062A2D9B}.Release|Any CPU.Deploy.0 = Release|Any CPU
	EndGlobalSection
	GlobalSection(SolutionProperties) = preSolution
		HideSolutionNode = FALSE
	EndGlobalSection
	GlobalSection(NestedProjects) = preSolution
		{799340F9-6555-438E-8182-93167538DDDA} = {B0E7403E-34CD-48F7-B371-B8CF40072011}
		{F1CCDE75-26D3-4E68-BC3F-952329728087} = {B0E7403E-34CD-48F7-B371-B8CF40072011}
		{A3E5DE41-CD5B-4A81-BCAF-12037517BF8A} = {B0E7403E-34CD-48F7-B371-B8CF40072011}
		{0553F446-5F92-4F9E-8FF4-FAADCF4E99BD} = {B0E7403E-34CD-48F7-B371-B8CF40072011}
		{9660F7EC-D135-4A80-AB5C-3E8F85C58B6E} = {F1CCDE75-26D3-4E68-BC3F-952329728087}
		{6CD47049-9211-40C2-8449-3EAAA9E6D21F} = {F1CCDE75-26D3-4E68-BC3F-952329728087}
		{73E3592C-A422-4161-BC9A-089B9D73D45E} = {A8CD4AFF-1EEC-4F7A-B645-7BAE6D0C7161}
		{22ECBC9D-6C95-497F-98A0-BAE1204AAED7} = {A3E5DE41-CD5B-4A81-BCAF-12037517BF8A}
		{52E95B63-AA7E-4F3A-BB65-093B329E1F9C} = {799340F9-6555-438E-8182-93167538DDDA}
		{8E880C53-B1DF-4C64-89F2-5892062A2D9B} = {0553F446-5F92-4F9E-8FF4-FAADCF4E99BD}
	EndGlobalSection
	GlobalSection(ExtensibilityGlobals) = postSolution
		SolutionGuid = {72434A46-56A0-454C-968A-E1748DD42DF6}
	EndGlobalSection
EndGlobal
